
Microsoft Visual Studio Solution File, Format Version 12.00
# Visual Studio Version 17
VisualStudioVersion = 17.0.31903.59
MinimumVisualStudioVersion = 10.0.40219.1
Project("{2150E333-8FDC-42A3-9474-1A3956D46DE8}") = "src", "src", "{81099D79-2DE9-48CC-AA02-6CDBAC6C2092}"
EndProject
Project("{FAE04EC0-301F-11D3-BF4B-00C04F79EFBC}") = "Shared", "src\Shared\Shared.csproj", "{22A002C1-6AFC-4EFF-8BDF-7A7F3C9E4177}"
EndProject
Project("{FAE04EC0-301F-11D3-BF4B-00C04F79EFBC}") = "Gateway", "src\Gateway\Gateway.csproj", "{8F55A96C-B45C-4ED9-96CD-A173536A895E}"
EndProject
Project("{FAE04EC0-301F-11D3-BF4B-00C04F79EFBC}") = "AuthService", "src\AuthService\AuthService.csproj", "{C528BC34-E1F7-49CA-8F1D-8CC85B6418D0}"
EndProject
Project("{FAE04EC0-301F-11D3-BF4B-00C04F79EFBC}") = "EmergencyService", "src\EmergencyService\EmergencyService.csproj", "{77C2B204-9C5B-4274-A851-B5BD62666E8D}"
EndProject
Project("{FAE04EC0-301F-11D3-BF4B-00C04F79EFBC}") = "PoliceService", "src\PoliceService\PoliceService.csproj", "{B520703E-985D-4D3B-ACE4-276C5FB1EBFA}"
EndProject
Project("{FAE04EC0-301F-11D3-BF4B-00C04F79EFBC}") = "MedicalService", "src\MedicalService\MedicalService.csproj", "{93481078-6799-4BBA-88DA-0B0283B86511}"
EndProject
Project("{FAE04EC0-301F-11D3-BF4B-00C04F79EFBC}") = "FireService", "src\FireService\FireService.csproj", "{5DBA47ED-7697-42A2-833D-03A045040B07}"
EndProject
Project("{FAE04EC0-301F-11D3-BF4B-00C04F79EFBC}") = "AssessmentService", "src\AssessmentService\AssessmentService.csproj", "{0351CF64-40EB-48CD-BB95-F9F3135BE4A8}"
EndProject
Project("{FAE04EC0-301F-11D3-BF4B-00C04F79EFBC}") = "NotificationService", "src\NotificationService\NotificationService.csproj", "{D4797779-7F2F-48F6-9DC1-FF9CBB6EAEDA}"
EndProject
Project("{FAE04EC0-301F-11D3-BF4B-00C04F79EFBC}") = "Auth.Blacklist", "src\Auth.Blacklist\Auth.Blacklist.csproj", "{54721382-7A66-4D63-A702-6E70E902C9C9}"
EndProject
Global
	GlobalSection(SolutionConfigurationPlatforms) = preSolution
		Debug|Any CPU = Debug|Any CPU
		Debug|x64 = Debug|x64
		Debug|x86 = Debug|x86
		Release|Any CPU = Release|Any CPU
		Release|x64 = Release|x64
		Release|x86 = Release|x86
	EndGlobalSection
	GlobalSection(ProjectConfigurationPlatforms) = postSolution
		{22A002C1-6AFC-4EFF-8BDF-7A7F3C9E4177}.Debug|Any CPU.ActiveCfg = Debug|Any CPU
		{22A002C1-6AFC-4EFF-8BDF-7A7F3C9E4177}.Debug|Any CPU.Build.0 = Debug|Any CPU
		{22A002C1-6AFC-4EFF-8BDF-7A7F3C9E4177}.Debug|x64.ActiveCfg = Debug|Any CPU
		{22A002C1-6AFC-4EFF-8BDF-7A7F3C9E4177}.Debug|x64.Build.0 = Debug|Any CPU
		{22A002C1-6AFC-4EFF-8BDF-7A7F3C9E4177}.Debug|x86.ActiveCfg = Debug|Any CPU
		{22A002C1-6AFC-4EFF-8BDF-7A7F3C9E4177}.Debug|x86.Build.0 = Debug|Any CPU
		{22A002C1-6AFC-4EFF-8BDF-7A7F3C9E4177}.Release|Any CPU.ActiveCfg = Release|Any CPU
		{22A002C1-6AFC-4EFF-8BDF-7A7F3C9E4177}.Release|Any CPU.Build.0 = Release|Any CPU
		{22A002C1-6AFC-4EFF-8BDF-7A7F3C9E4177}.Release|x64.ActiveCfg = Release|Any CPU
		{22A002C1-6AFC-4EFF-8BDF-7A7F3C9E4177}.Release|x64.Build.0 = Release|Any CPU
		{22A002C1-6AFC-4EFF-8BDF-7A7F3C9E4177}.Release|x86.ActiveCfg = Release|Any CPU
		{22A002C1-6AFC-4EFF-8BDF-7A7F3C9E4177}.Release|x86.Build.0 = Release|Any CPU
		{8F55A96C-B45C-4ED9-96CD-A173536A895E}.Debug|Any CPU.ActiveCfg = Debug|Any CPU
		{8F55A96C-B45C-4ED9-96CD-A173536A895E}.Debug|Any CPU.Build.0 = Debug|Any CPU
		{8F55A96C-B45C-4ED9-96CD-A173536A895E}.Debug|x64.ActiveCfg = Debug|Any CPU
		{8F55A96C-B45C-4ED9-96CD-A173536A895E}.Debug|x64.Build.0 = Debug|Any CPU
		{8F55A96C-B45C-4ED9-96CD-A173536A895E}.Debug|x86.ActiveCfg = Debug|Any CPU
		{8F55A96C-B45C-4ED9-96CD-A173536A895E}.Debug|x86.Build.0 = Debug|Any CPU
		{8F55A96C-B45C-4ED9-96CD-A173536A895E}.Release|Any CPU.ActiveCfg = Release|Any CPU
		{8F55A96C-B45C-4ED9-96CD-A173536A895E}.Release|Any CPU.Build.0 = Release|Any CPU
		{8F55A96C-B45C-4ED9-96CD-A173536A895E}.Release|x64.ActiveCfg = Release|Any CPU
		{8F55A96C-B45C-4ED9-96CD-A173536A895E}.Release|x64.Build.0 = Release|Any CPU
		{8F55A96C-B45C-4ED9-96CD-A173536A895E}.Release|x86.ActiveCfg = Release|Any CPU
		{8F55A96C-B45C-4ED9-96CD-A173536A895E}.Release|x86.Build.0 = Release|Any CPU
		{C528BC34-E1F7-49CA-8F1D-8CC85B6418D0}.Debug|Any CPU.ActiveCfg = Debug|Any CPU
		{C528BC34-E1F7-49CA-8F1D-8CC85B6418D0}.Debug|Any CPU.Build.0 = Debug|Any CPU
		{C528BC34-E1F7-49CA-8F1D-8CC85B6418D0}.Debug|x64.ActiveCfg = Debug|Any CPU
		{C528BC34-E1F7-49CA-8F1D-8CC85B6418D0}.Debug|x64.Build.0 = Debug|Any CPU
		{C528BC34-E1F7-49CA-8F1D-8CC85B6418D0}.Debug|x86.ActiveCfg = Debug|Any CPU
		{C528BC34-E1F7-49CA-8F1D-8CC85B6418D0}.Debug|x86.Build.0 = Debug|Any CPU
		{C528BC34-E1F7-49CA-8F1D-8CC85B6418D0}.Release|Any CPU.ActiveCfg = Release|Any CPU
		{C528BC34-E1F7-49CA-8F1D-8CC85B6418D0}.Release|Any CPU.Build.0 = Release|Any CPU
		{C528BC34-E1F7-49CA-8F1D-8CC85B6418D0}.Release|x64.ActiveCfg = Release|Any CPU
		{C528BC34-E1F7-49CA-8F1D-8CC85B6418D0}.Release|x64.Build.0 = Release|Any CPU
		{C528BC34-E1F7-49CA-8F1D-8CC85B6418D0}.Release|x86.ActiveCfg = Release|Any CPU
		{C528BC34-E1F7-49CA-8F1D-8CC85B6418D0}.Release|x86.Build.0 = Release|Any CPU
		{77C2B204-9C5B-4274-A851-B5BD62666E8D}.Debug|Any CPU.ActiveCfg = Debug|Any CPU
		{77C2B204-9C5B-4274-A851-B5BD62666E8D}.Debug|Any CPU.Build.0 = Debug|Any CPU
		{77C2B204-9C5B-4274-A851-B5BD62666E8D}.Debug|x64.ActiveCfg = Debug|Any CPU
		{77C2B204-9C5B-4274-A851-B5BD62666E8D}.Debug|x64.Build.0 = Debug|Any CPU
		{77C2B204-9C5B-4274-A851-B5BD62666E8D}.Debug|x86.ActiveCfg = Debug|Any CPU
		{77C2B204-9C5B-4274-A851-B5BD62666E8D}.Debug|x86.Build.0 = Debug|Any CPU
		{77C2B204-9C5B-4274-A851-B5BD62666E8D}.Release|Any CPU.ActiveCfg = Release|Any CPU
		{77C2B204-9C5B-4274-A851-B5BD62666E8D}.Release|Any CPU.Build.0 = Release|Any CPU
		{77C2B204-9C5B-4274-A851-B5BD62666E8D}.Release|x64.ActiveCfg = Release|Any CPU
		{77C2B204-9C5B-4274-A851-B5BD62666E8D}.Release|x64.Build.0 = Release|Any CPU
		{77C2B204-9C5B-4274-A851-B5BD62666E8D}.Release|x86.ActiveCfg = Release|Any CPU
		{77C2B204-9C5B-4274-A851-B5BD62666E8D}.Release|x86.Build.0 = Release|Any CPU
		{B520703E-985D-4D3B-ACE4-276C5FB1EBFA}.Debug|Any CPU.ActiveCfg = Debug|Any CPU
		{B520703E-985D-4D3B-ACE4-276C5FB1EBFA}.Debug|Any CPU.Build.0 = Debug|Any CPU
		{B520703E-985D-4D3B-ACE4-276C5FB1EBFA}.Debug|x64.ActiveCfg = Debug|Any CPU
		{B520703E-985D-4D3B-ACE4-276C5FB1EBFA}.Debug|x64.Build.0 = Debug|Any CPU
		{B520703E-985D-4D3B-ACE4-276C5FB1EBFA}.Debug|x86.ActiveCfg = Debug|Any CPU
		{B520703E-985D-4D3B-ACE4-276C5FB1EBFA}.Debug|x86.Build.0 = Debug|Any CPU
		{B520703E-985D-4D3B-ACE4-276C5FB1EBFA}.Release|Any CPU.ActiveCfg = Release|Any CPU
		{B520703E-985D-4D3B-ACE4-276C5FB1EBFA}.Release|Any CPU.Build.0 = Release|Any CPU
		{B520703E-985D-4D3B-ACE4-276C5FB1EBFA}.Release|x64.ActiveCfg = Release|Any CPU
		{B520703E-985D-4D3B-ACE4-276C5FB1EBFA}.Release|x64.Build.0 = Release|Any CPU
		{B520703E-985D-4D3B-ACE4-276C5FB1EBFA}.Release|x86.ActiveCfg = Release|Any CPU
		{B520703E-985D-4D3B-ACE4-276C5FB1EBFA}.Release|x86.Build.0 = Release|Any CPU
		{93481078-6799-4BBA-88DA-0B0283B86511}.Debug|Any CPU.ActiveCfg = Debug|Any CPU
		{93481078-6799-4BBA-88DA-0B0283B86511}.Debug|Any CPU.Build.0 = Debug|Any CPU
		{93481078-6799-4BBA-88DA-0B0283B86511}.Debug|x64.ActiveCfg = Debug|Any CPU
		{93481078-6799-4BBA-88DA-0B0283B86511}.Debug|x64.Build.0 = Debug|Any CPU
		{93481078-6799-4BBA-88DA-0B0283B86511}.Debug|x86.ActiveCfg = Debug|Any CPU
		{93481078-6799-4BBA-88DA-0B0283B86511}.Debug|x86.Build.0 = Debug|Any CPU
		{93481078-6799-4BBA-88DA-0B0283B86511}.Release|Any CPU.ActiveCfg = Release|Any CPU
		{93481078-6799-4BBA-88DA-0B0283B86511}.Release|Any CPU.Build.0 = Release|Any CPU
		{93481078-6799-4BBA-88DA-0B0283B86511}.Release|x64.ActiveCfg = Release|Any CPU
		{93481078-6799-4BBA-88DA-0B0283B86511}.Release|x64.Build.0 = Release|Any CPU
		{93481078-6799-4BBA-88DA-0B0283B86511}.Release|x86.ActiveCfg = Release|Any CPU
		{93481078-6799-4BBA-88DA-0B0283B86511}.Release|x86.Build.0 = Release|Any CPU
		{5DBA47ED-7697-42A2-833D-03A045040B07}.Debug|Any CPU.ActiveCfg = Debug|Any CPU
		{5DBA47ED-7697-42A2-833D-03A045040B07}.Debug|Any CPU.Build.0 = Debug|Any CPU
		{5DBA47ED-7697-42A2-833D-03A045040B07}.Debug|x64.ActiveCfg = Debug|Any CPU
		{5DBA47ED-7697-42A2-833D-03A045040B07}.Debug|x64.Build.0 = Debug|Any CPU
		{5DBA47ED-7697-42A2-833D-03A045040B07}.Debug|x86.ActiveCfg = Debug|Any CPU
		{5DBA47ED-7697-42A2-833D-03A045040B07}.Debug|x86.Build.0 = Debug|Any CPU
		{5DBA47ED-7697-42A2-833D-03A045040B07}.Release|Any CPU.ActiveCfg = Release|Any CPU
		{5DBA47ED-7697-42A2-833D-03A045040B07}.Release|Any CPU.Build.0 = Release|Any CPU
		{5DBA47ED-7697-42A2-833D-03A045040B07}.Release|x64.ActiveCfg = Release|Any CPU
		{5DBA47ED-7697-42A2-833D-03A045040B07}.Release|x64.Build.0 = Release|Any CPU
		{5DBA47ED-7697-42A2-833D-03A045040B07}.Release|x86.ActiveCfg = Release|Any CPU
		{5DBA47ED-7697-42A2-833D-03A045040B07}.Release|x86.Build.0 = Release|Any CPU
		{0351CF64-40EB-48CD-BB95-F9F3135BE4A8}.Debug|Any CPU.ActiveCfg = Debug|Any CPU
		{0351CF64-40EB-48CD-BB95-F9F3135BE4A8}.Debug|Any CPU.Build.0 = Debug|Any CPU
		{0351CF64-40EB-48CD-BB95-F9F3135BE4A8}.Debug|x64.ActiveCfg = Debug|Any CPU
		{0351CF64-40EB-48CD-BB95-F9F3135BE4A8}.Debug|x64.Build.0 = Debug|Any CPU
		{0351CF64-40EB-48CD-BB95-F9F3135BE4A8}.Debug|x86.ActiveCfg = Debug|Any CPU
		{0351CF64-40EB-48CD-BB95-F9F3135BE4A8}.Debug|x86.Build.0 = Debug|Any CPU
		{0351CF64-40EB-48CD-BB95-F9F3135BE4A8}.Release|Any CPU.ActiveCfg = Release|Any CPU
		{0351CF64-40EB-48CD-BB95-F9F3135BE4A8}.Release|Any CPU.Build.0 = Release|Any CPU
		{0351CF64-40EB-48CD-BB95-F9F3135BE4A8}.Release|x64.ActiveCfg = Release|Any CPU
		{0351CF64-40EB-48CD-BB95-F9F3135BE4A8}.Release|x64.Build.0 = Release|Any CPU
		{0351CF64-40EB-48CD-BB95-F9F3135BE4A8}.Release|x86.ActiveCfg = Release|Any CPU
		{0351CF64-40EB-48CD-BB95-F9F3135BE4A8}.Release|x86.Build.0 = Release|Any CPU
		{D4797779-7F2F-48F6-9DC1-FF9CBB6EAEDA}.Debug|Any CPU.ActiveCfg = Debug|Any CPU
		{D4797779-7F2F-48F6-9DC1-FF9CBB6EAEDA}.Debug|Any CPU.Build.0 = Debug|Any CPU
		{D4797779-7F2F-48F6-9DC1-FF9CBB6EAEDA}.Debug|x64.ActiveCfg = Debug|Any CPU
		{D4797779-7F2F-48F6-9DC1-FF9CBB6EAEDA}.Debug|x64.Build.0 = Debug|Any CPU
		{D4797779-7F2F-48F6-9DC1-FF9CBB6EAEDA}.Debug|x86.ActiveCfg = Debug|Any CPU
		{D4797779-7F2F-48F6-9DC1-FF9CBB6EAEDA}.Debug|x86.Build.0 = Debug|Any CPU
		{D4797779-7F2F-48F6-9DC1-FF9CBB6EAEDA}.Release|Any CPU.ActiveCfg = Release|Any CPU
		{D4797779-7F2F-48F6-9DC1-FF9CBB6EAEDA}.Release|Any CPU.Build.0 = Release|Any CPU
		{D4797779-7F2F-48F6-9DC1-FF9CBB6EAEDA}.Release|x64.ActiveCfg = Release|Any CPU
		{D4797779-7F2F-48F6-9DC1-FF9CBB6EAEDA}.Release|x64.Build.0 = Release|Any CPU
		{D4797779-7F2F-48F6-9DC1-FF9CBB6EAEDA}.Release|x86.ActiveCfg = Release|Any CPU
		{D4797779-7F2F-48F6-9DC1-FF9CBB6EAEDA}.Release|x86.Build.0 = Release|Any CPU
		{54721382-7A66-4D63-A702-6E70E902C9C9}.Debug|Any CPU.ActiveCfg = Debug|Any CPU
		{54721382-7A66-4D63-A702-6E70E902C9C9}.Debug|Any CPU.Build.0 = Debug|Any CPU
		{54721382-7A66-4D63-A702-6E70E902C9C9}.Debug|x64.ActiveCfg = Debug|Any CPU
		{54721382-7A66-4D63-A702-6E70E902C9C9}.Debug|x64.Build.0 = Debug|Any CPU
		{54721382-7A66-4D63-A702-6E70E902C9C9}.Debug|x86.ActiveCfg = Debug|Any CPU
		{54721382-7A66-4D63-A702-6E70E902C9C9}.Debug|x86.Build.0 = Debug|Any CPU
		{54721382-7A66-4D63-A702-6E70E902C9C9}.Release|Any CPU.ActiveCfg = Release|Any CPU
		{54721382-7A66-4D63-A702-6E70E902C9C9}.Release|Any CPU.Build.0 = Release|Any CPU
		{54721382-7A66-4D63-A702-6E70E902C9C9}.Release|x64.ActiveCfg = Release|Any CPU
		{54721382-7A66-4D63-A702-6E70E902C9C9}.Release|x64.Build.0 = Release|Any CPU
		{54721382-7A66-4D63-A702-6E70E902C9C9}.Release|x86.ActiveCfg = Release|Any CPU
		{54721382-7A66-4D63-A702-6E70E902C9C9}.Release|x86.Build.0 = Release|Any CPU
	EndGlobalSection
	GlobalSection(SolutionProperties) = preSolution
		HideSolutionNode = FALSE
	EndGlobalSection
	GlobalSection(NestedProjects) = preSolution
		{22A002C1-6AFC-4EFF-8BDF-7A7F3C9E4177} = {81099D79-2DE9-48CC-AA02-6CDBAC6C2092}
		{8F55A96C-B45C-4ED9-96CD-A173536A895E} = {81099D79-2DE9-48CC-AA02-6CDBAC6C2092}
		{C528BC34-E1F7-49CA-8F1D-8CC85B6418D0} = {81099D79-2DE9-48CC-AA02-6CDBAC6C2092}
		{77C2B204-9C5B-4274-A851-B5BD62666E8D} = {81099D79-2DE9-48CC-AA02-6CDBAC6C2092}
		{B520703E-985D-4D3B-ACE4-276C5FB1EBFA} = {81099D79-2DE9-48CC-AA02-6CDBAC6C2092}
		{93481078-6799-4BBA-88DA-0B0283B86511} = {81099D79-2DE9-48CC-AA02-6CDBAC6C2092}
		{5DBA47ED-7697-42A2-833D-03A045040B07} = {81099D79-2DE9-48CC-AA02-6CDBAC6C2092}
		{0351CF64-40EB-48CD-BB95-F9F3135BE4A8} = {81099D79-2DE9-48CC-AA02-6CDBAC6C2092}
		{D4797779-7F2F-48F6-9DC1-FF9CBB6EAEDA} = {81099D79-2DE9-48CC-AA02-6CDBAC6C2092}
		{54721382-7A66-4D63-A702-6E70E902C9C9} = {81099D79-2DE9-48CC-AA02-6CDBAC6C2092}
	EndGlobalSection
EndGlobal
